
Microsoft Visual Studio Solution File, Format Version 12.00
# Visual Studio Version 16
VisualStudioVersion = 16.0.31205.134
MinimumVisualStudioVersion = 10.0.40219.1
Project("{FAE04EC0-301F-11D3-BF4B-00C04F79EFBC}") = "SDETAddressGenerator", "SDETAddressGenerator\SDETAddressGenerator.csproj", "{53874CB9-CF9E-4B16-9357-F97A14B79A19}"
EndProject
Global
	GlobalSection(SolutionConfigurationPlatforms) = preSolution
		Debug|Any CPU = Debug|Any CPU
		Release|Any CPU = Release|Any CPU
	EndGlobalSection
	GlobalSection(ProjectConfigurationPlatforms) = postSolution
		{53874CB9-CF9E-4B16-9357-F97A14B79A19}.Debug|Any CPU.ActiveCfg = Debug|Any CPU
		{53874CB9-CF9E-4B16-9357-F97A14B79A19}.Debug|Any CPU.Build.0 = Debug|Any CPU
		{53874CB9-CF9E-4B16-9357-F97A14B79A19}.Release|Any CPU.ActiveCfg = Release|Any CPU
		{53874CB9-CF9E-4B16-9357-F97A14B79A19}.Release|Any CPU.Build.0 = Release|Any CPU
	EndGlobalSection
	GlobalSection(SolutionProperties) = preSolution
		HideSolutionNode = FALSE
	EndGlobalSection
	GlobalSection(ExtensibilityGlobals) = postSolution
		SolutionGuid = {4DC75767-4C12-4A05-BC7B-F2BDAAA7BEE7}
	EndGlobalSection
EndGlobal
